
Microsoft Visual Studio Solution File, Format Version 12.00
# Visual Studio 15
VisualStudioVersion = 15.0.26730.12
MinimumVisualStudioVersion = 10.0.40219.1
Project("{FAE04EC0-301F-11D3-BF4B-00C04F79EFBC}") = "WindowsFormsApp3", "WindowsFormsApp3\WindowsFormsApp3.csproj", "{F3990980-A8AE-4448-A21D-91225F96F929}"
EndProject
Project("{FAE04EC0-301F-11D3-BF4B-00C04F79EFBC}") = "WindowsFormsApp1", "WindowsFormsApp1\WindowsFormsApp1.csproj", "{620C8D5A-26E6-49C2-B57F-317BBF030B85}"
EndProject
Global
	GlobalSection(SolutionConfigurationPlatforms) = preSolution
		Debug|Any CPU = Debug|Any CPU
		Release|Any CPU = Release|Any CPU
	EndGlobalSection
	GlobalSection(ProjectConfigurationPlatforms) = postSolution
		{F3990980-A8AE-4448-A21D-91225F96F929}.Debug|Any CPU.ActiveCfg = Debug|Any CPU
		{F3990980-A8AE-4448-A21D-91225F96F929}.Debug|Any CPU.Build.0 = Debug|Any CPU
		{F3990980-A8AE-4448-A21D-91225F96F929}.Release|Any CPU.ActiveCfg = Release|Any CPU
		{F3990980-A8AE-4448-A21D-91225F96F929}.Release|Any CPU.Build.0 = Release|Any CPU
		{620C8D5A-26E6-49C2-B57F-317BBF030B85}.Debug|Any CPU.ActiveCfg = Debug|Any CPU
		{620C8D5A-26E6-49C2-B57F-317BBF030B85}.Debug|Any CPU.Build.0 = Debug|Any CPU
		{620C8D5A-26E6-49C2-B57F-317BBF030B85}.Release|Any CPU.ActiveCfg = Release|Any CPU
		{620C8D5A-26E6-49C2-B57F-317BBF030B85}.Release|Any CPU.Build.0 = Release|Any CPU
	EndGlobalSection
	GlobalSection(SolutionProperties) = preSolution
		HideSolutionNode = FALSE
	EndGlobalSection
	GlobalSection(ExtensibilityGlobals) = postSolution
		SolutionGuid = {B5E50208-860D-40C7-B469-8014149F14E5}
	EndGlobalSection
EndGlobal
